
Microsoft Visual Studio Solution File, Format Version 12.00
# Visual Studio 15
VisualStudioVersion = 15.0.27428.2027
MinimumVisualStudioVersion = 10.0.40219.1
Project("{FAE04EC0-301F-11D3-BF4B-00C04F79EFBC}") = "ConsoleApp2", "ConsoleApp2\ConsoleApp2.csproj", "{93521EC8-7910-4831-BFB5-2A5ABD95A548}"
EndProject
Global
	GlobalSection(SolutionConfigurationPlatforms) = preSolution
		Debug|Any CPU = Debug|Any CPU
		Release|Any CPU = Release|Any CPU
	EndGlobalSection
	GlobalSection(ProjectConfigurationPlatforms) = postSolution
		{93521EC8-7910-4831-BFB5-2A5ABD95A548}.Debug|Any CPU.ActiveCfg = Debug|Any CPU
		{93521EC8-7910-4831-BFB5-2A5ABD95A548}.Debug|Any CPU.Build.0 = Debug|Any CPU
		{93521EC8-7910-4831-BFB5-2A5ABD95A548}.Release|Any CPU.ActiveCfg = Release|Any CPU
		{93521EC8-7910-4831-BFB5-2A5ABD95A548}.Release|Any CPU.Build.0 = Release|Any CPU
	EndGlobalSection
	GlobalSection(SolutionProperties) = preSolution
		HideSolutionNode = FALSE
	EndGlobalSection
	GlobalSection(ExtensibilityGlobals) = postSolution
		SolutionGuid = {4863EEF8-CF1C-41D0-930B-717A82F78A7D}
	EndGlobalSection
EndGlobal
